// !$*UTF8*$!
{
	archiveVersion = 1;
	classes = {
	};
	objectVersion = 77;
	objects = {

/* Begin PBXBuildFile section */
		161B29532E06B60700ACAC65 /* SwiftJapaneseNationalHolidays in Frameworks */ = {isa = PBXBuildFile; productRef = 161B29522E06B60700ACAC65 /* SwiftJapaneseNationalHolidays */; };
		161B297B2E06BB3E00ACAC65 /* SwiftJapaneseNationalHolidays in Embed Frameworks */ = {isa = PBXBuildFile; productRef = 161B29522E06B60700ACAC65 /* SwiftJapaneseNationalHolidays */; settings = {ATTRIBUTES = (CodeSignOnCopy, ); }; };
/* End PBXBuildFile section */

/* Begin PBXContainerItemProxy section */
		161B29352E06B5D500ACAC65 /* PBXContainerItemProxy */ = {
			isa = PBXContainerItemProxy;
			containerPortal = 161B291C2E06B5D300ACAC65 /* Project object */;
			proxyType = 1;
			remoteGlobalIDString = 161B29232E06B5D300ACAC65;
			remoteInfo = "Only One";
		};
		161B293F2E06B5D500ACAC65 /* PBXContainerItemProxy */ = {
			isa = PBXContainerItemProxy;
			containerPortal = 161B291C2E06B5D300ACAC65 /* Project object */;
			proxyType = 1;
			remoteGlobalIDString = 161B29232E06B5D300ACAC65;
			remoteInfo = "Only One";
		};
/* End PBXContainerItemProxy section */

/* Begin PBXCopyFilesBuildPhase section */
		161B29552E06B61200ACAC65 /* Embed Frameworks */ = {
			isa = PBXCopyFilesBuildPhase;
			buildActionMask = 2147483647;
			dstPath = "";
			dstSubfolderSpec = 10;
			files = (
				161B297B2E06BB3E00ACAC65 /* SwiftJapaneseNationalHolidays in Embed Frameworks */,
			);
			name = "Embed Frameworks";
			runOnlyForDeploymentPostprocessing = 0;
		};
/* End PBXCopyFilesBuildPhase section */

/* Begin PBXFileReference section */
		161B29242E06B5D300ACAC65 /* Only One.app */ = {isa = PBXFileReference; explicitFileType = wrapper.application; includeInIndex = 0; path = "Only One.app"; sourceTree = BUILT_PRODUCTS_DIR; };
		161B29342E06B5D500ACAC65 /* Only OneTests.xctest */ = {isa = PBXFileReference; explicitFileType = wrapper.cfbundle; includeInIndex = 0; path = "Only OneTests.xctest"; sourceTree = BUILT_PRODUCTS_DIR; };
		161B293E2E06B5D500ACAC65 /* Only OneUITests.xctest */ = {isa = PBXFileReference; explicitFileType = wrapper.cfbundle; includeInIndex = 0; path = "Only OneUITests.xctest"; sourceTree = BUILT_PRODUCTS_DIR; };
/* End PBXFileReference section */

/* Begin PBXFileSystemSynchronizedRootGroup section */
		161B29262E06B5D300ACAC65 /* Only One */ = {
			isa = PBXFileSystemSynchronizedRootGroup;
			path = "Only One";
			sourceTree = "<group>";
		};
		161B29372E06B5D500ACAC65 /* Only OneTests */ = {
			isa = PBXFileSystemSynchronizedRootGroup;
			path = "Only OneTests";
			sourceTree = "<group>";
		};
		161B29412E06B5D500ACAC65 /* Only OneUITests */ = {
			isa = PBXFileSystemSynchronizedRootGroup;
			path = "Only OneUITests";
			sourceTree = "<group>";
		};
/* End PBXFileSystemSynchronizedRootGroup section */

/* Begin PBXFrameworksBuildPhase section */
		161B29212E06B5D300ACAC65 /* Frameworks */ = {
			isa = PBXFrameworksBuildPhase;
			buildActionMask = 2147483647;
			files = (
				161B29532E06B60700ACAC65 /* SwiftJapaneseNationalHolidays in Frameworks */,
			);
			runOnlyForDeploymentPostprocessing = 0;
		};
		161B29312E06B5D500ACAC65 /* Frameworks */ = {
			isa = PBXFrameworksBuildPhase;
			buildActionMask = 2147483647;
			files = (
			);
			runOnlyForDeploymentPostprocessing = 0;
		};
		161B293B2E06B5D500ACAC65 /* Frameworks */ = {
			isa = PBXFrameworksBuildPhase;
			buildActionMask = 2147483647;
			files = (
			);
			runOnlyForDeploymentPostprocessing = 0;
		};
/* End PBXFrameworksBuildPhase section */

/* Begin PBXGroup section */
		161B291B2E06B5D300ACAC65 = {
			isa = PBXGroup;
			children = (
				161B29262E06B5D300ACAC65 /* Only One */,
				161B29372E06B5D500ACAC65 /* Only OneTests */,
				161B29412E06B5D500ACAC65 /* Only OneUITests */,
				161B29252E06B5D300ACAC65 /* Products */,
			);
			sourceTree = "<group>";
		};
		161B29252E06B5D300ACAC65 /* Products */ = {
			isa = PBXGroup;
			children = (
				161B29242E06B5D300ACAC65 /* Only One.app */,
				161B29342E06B5D500ACAC65 /* Only OneTests.xctest */,
				161B293E2E06B5D500ACAC65 /* Only OneUITests.xctest */,
			);
			name = Products;
			sourceTree = "<group>";
		};
/* End PBXGroup section */

/* Begin PBXNativeTarget section */
		161B29232E06B5D300ACAC65 /* Only One */ = {
			isa = PBXNativeTarget;
			buildConfigurationList = 161B29482E06B5D500ACAC65 /* Build configuration list for PBXNativeTarget "Only One" */;
			buildPhases = (
				161B29202E06B5D300ACAC65 /* Sources */,
				161B29212E06B5D300ACAC65 /* Frameworks */,
				161B29222E06B5D300ACAC65 /* Resources */,
				161B29552E06B61200ACAC65 /* Embed Frameworks */,
			);
			buildRules = (
			);
			dependencies = (
			);
			fileSystemSynchronizedGroups = (
				161B29262E06B5D300ACAC65 /* Only One */,
			);
			name = "Only One";
			packageProductDependencies = (
				161B29522E06B60700ACAC65 /* SwiftJapaneseNationalHolidays */,
			);
			productName = "Only One";
			productReference = 161B29242E06B5D300ACAC65 /* Only One.app */;
			productType = "com.apple.product-type.application";
		};
		161B29332E06B5D500ACAC65 /* Only OneTests */ = {
			isa = PBXNativeTarget;
			buildConfigurationList = 161B294B2E06B5D500ACAC65 /* Build configuration list for PBXNativeTarget "Only OneTests" */;
			buildPhases = (
				161B29302E06B5D500ACAC65 /* Sources */,
				161B29312E06B5D500ACAC65 /* Frameworks */,
				161B29322E06B5D500ACAC65 /* Resources */,
			);
			buildRules = (
			);
			dependencies = (
				161B29362E06B5D500ACAC65 /* PBXTargetDependency */,
			);
			fileSystemSynchronizedGroups = (
				161B29372E06B5D500ACAC65 /* Only OneTests */,
			);
			name = "Only OneTests";
			packageProductDependencies = (
			);
			productName = "Only OneTests";
			productReference = 161B29342E06B5D500ACAC65 /* Only OneTests.xctest */;
			productType = "com.apple.product-type.bundle.unit-test";
		};
		161B293D2E06B5D500ACAC65 /* Only OneUITests */ = {
			isa = PBXNativeTarget;
			buildConfigurationList = 161B294E2E06B5D500ACAC65 /* Build configuration list for PBXNativeTarget "Only OneUITests" */;
			buildPhases = (
				161B293A2E06B5D500ACAC65 /* Sources */,
				161B293B2E06B5D500ACAC65 /* Frameworks */,
				161B293C2E06B5D500ACAC65 /* Resources */,
			);
			buildRules = (
			);
			dependencies = (
				161B29402E06B5D500ACAC65 /* PBXTargetDependency */,
			);
			fileSystemSynchronizedGroups = (
				161B29412E06B5D500ACAC65 /* Only OneUITests */,
			);
			name = "Only OneUITests";
			packageProductDependencies = (
			);
			productName = "Only OneUITests";
			productReference = 161B293E2E06B5D500ACAC65 /* Only OneUITests.xctest */;
			productType = "com.apple.product-type.bundle.ui-testing";
		};
/* End PBXNativeTarget section */

/* Begin PBXProject section */
		161B291C2E06B5D300ACAC65 /* Project object */ = {
			isa = PBXProject;
			attributes = {
				BuildIndependentTargetsInParallel = 1;
				LastSwiftUpdateCheck = 1620;
				LastUpgradeCheck = 1620;
				TargetAttributes = {
					161B29232E06B5D300ACAC65 = {
						CreatedOnToolsVersion = 16.2;
					};
					161B29332E06B5D500ACAC65 = {
						CreatedOnToolsVersion = 16.2;
						TestTargetID = 161B29232E06B5D300ACAC65;
					};
					161B293D2E06B5D500ACAC65 = {
						CreatedOnToolsVersion = 16.2;
						TestTargetID = 161B29232E06B5D300ACAC65;
					};
				};
			};
			buildConfigurationList = 161B291F2E06B5D300ACAC65 /* Build configuration list for PBXProject "Only One" */;
			developmentRegion = en;
			hasScannedForEncodings = 0;
			knownRegions = (
				en,
				Base,
			);
			mainGroup = 161B291B2E06B5D300ACAC65;
			minimizedProjectReferenceProxies = 1;
			packageReferences = (
				161B29512E06B60700ACAC65 /* XCRemoteSwiftPackageReference "SwiftJapaneseNationalHolidays" */,
			);
			preferredProjectObjectVersion = 77;
			productRefGroup = 161B29252E06B5D300ACAC65 /* Products */;
			projectDirPath = "";
			projectRoot = "";
			targets = (
				161B29232E06B5D300ACAC65 /* Only One */,
				161B29332E06B5D500ACAC65 /* Only OneTests */,
				161B293D2E06B5D500ACAC65 /* Only OneUITests */,
			);
		};
/* End PBXProject section */

/* Begin PBXResourcesBuildPhase section */
		161B29222E06B5D300ACAC65 /* Resources */ = {
			isa = PBXResourcesBuildPhase;
			buildActionMask = 2147483647;
			files = (
			);
			runOnlyForDeploymentPostprocessing = 0;
		};
		161B29322E06B5D500ACAC65 /* Resources */ = {
			isa = PBXResourcesBuildPhase;
			buildActionMask = 2147483647;
			files = (
			);
			runOnlyForDeploymentPostprocessing = 0;
		};
		161B293C2E06B5D500ACAC65 /* Resources */ = {
			isa = PBXResourcesBuildPhase;
			buildActionMask = 2147483647;
			files = (
			);
			runOnlyForDeploymentPostprocessing = 0;
		};
/* End PBXResourcesBuildPhase section */

/* Begin PBXSourcesBuildPhase section */
		161B29202E06B5D300ACAC65 /* Sources */ = {
			isa = PBXSourcesBuildPhase;
			buildActionMask = 2147483647;
			files = (
			);
			runOnlyForDeploymentPostprocessing = 0;
		};
		161B29302E06B5D500ACAC65 /* Sources */ = {
			isa = PBXSourcesBuildPhase;
			buildActionMask = 2147483647;
			files = (
			);
			runOnlyForDeploymentPostprocessing = 0;
		};
		161B293A2E06B5D500ACAC65 /* Sources */ = {
			isa = PBXSourcesBuildPhase;
			buildActionMask = 2147483647;
			files = (
			);
			runOnlyForDeploymentPostprocessing = 0;
		};
/* End PBXSourcesBuildPhase section */

/* Begin PBXTargetDependency section */
		161B29362E06B5D500ACAC65 /* PBXTargetDependency */ = {
			isa = PBXTargetDependency;
			target = 161B29232E06B5D300ACAC65 /* Only One */;
			targetProxy = 161B29352E06B5D500ACAC65 /* PBXContainerItemProxy */;
		};
		161B29402E06B5D500ACAC65 /* PBXTargetDependency */ = {
			isa = PBXTargetDependency;
			target = 161B29232E06B5D300ACAC65 /* Only One */;
			targetProxy = 161B293F2E06B5D500ACAC65 /* PBXContainerItemProxy */;
		};
/* End PBXTargetDependency section */

/* Begin XCBuildConfiguration section */
		161B29462E06B5D500ACAC65 /* Debug */ = {
			isa = XCBuildConfiguration;
			buildSettings = {
				ALWAYS_SEARCH_USER_PATHS = NO;
				ASSETCATALOG_COMPILER_GENERATE_SWIFT_ASSET_SYMBOL_EXTENSIONS = YES;
				CLANG_ANALYZER_NONNULL = YES;
				CLANG_ANALYZER_NUMBER_OBJECT_CONVERSION = YES_AGGRESSIVE;
				CLANG_CXX_LANGUAGE_STANDARD = "gnu++20";
				CLANG_ENABLE_MODULES = YES;
				CLANG_ENABLE_OBJC_ARC = YES;
				CLANG_ENABLE_OBJC_WEAK = YES;
				CLANG_WARN_BLOCK_CAPTURE_AUTORELEASING = YES;
				CLANG_WARN_BOOL_CONVERSION = YES;
				CLANG_WARN_COMMA = YES;
				CLANG_WARN_CONSTANT_CONVERSION = YES;
				CLANG_WARN_DEPRECATED_OBJC_IMPLEMENTATIONS = YES;
				CLANG_WARN_DIRECT_OBJC_ISA_USAGE = YES_ERROR;
				CLANG_WARN_DOCUMENTATION_COMMENTS = YES;
				CLANG_WARN_EMPTY_BODY = YES;
				CLANG_WARN_ENUM_CONVERSION = YES;
				CLANG_WARN_INFINITE_RECURSION = YES;
				CLANG_WARN_INT_CONVERSION = YES;
				CLANG_WARN_NON_LITERAL_NULL_CONVERSION = YES;
				CLANG_WARN_OBJC_IMPLICIT_RETAIN_SELF = YES;
				CLANG_WARN_OBJC_LITERAL_CONVERSION = YES;
				CLANG_WARN_OBJC_ROOT_CLASS = YES_ERROR;
				CLANG_WARN_QUOTED_INCLUDE_IN_FRAMEWORK_HEADER = YES;
				CLANG_WARN_RANGE_LOOP_ANALYSIS = YES;
				CLANG_WARN_STRICT_PROTOTYPES = YES;
				CLANG_WARN_SUSPICIOUS_MOVE = YES;
				CLANG_WARN_UNGUARDED_AVAILABILITY = YES_AGGRESSIVE;
				CLANG_WARN_UNREACHABLE_CODE = YES;
				CLANG_WARN__DUPLICATE_METHOD_MATCH = YES;
				COPY_PHASE_STRIP = NO;
				DEBUG_INFORMATION_FORMAT = dwarf;
				ENABLE_STRICT_OBJC_MSGSEND = YES;
				ENABLE_TESTABILITY = YES;
				ENABLE_USER_SCRIPT_SANDBOXING = YES;
				GCC_C_LANGUAGE_STANDARD = gnu17;
				GCC_DYNAMIC_NO_PIC = NO;
				GCC_NO_COMMON_BLOCKS = YES;
				GCC_OPTIMIZATION_LEVEL = 0;
				GCC_PREPROCESSOR_DEFINITIONS = (
					"DEBUG=1",
					"$(inherited)",
				);
				GCC_WARN_64_TO_32_BIT_CONVERSION = YES;
				GCC_WARN_ABOUT_RETURN_TYPE = YES_ERROR;
				GCC_WARN_UNDECLARED_SELECTOR = YES;
				GCC_WARN_UNINITIALIZED_AUTOS = YES_AGGRESSIVE;
				GCC_WARN_UNUSED_FUNCTION = YES;
				GCC_WARN_UNUSED_VARIABLE = YES;
				IPHONEOS_DEPLOYMENT_TARGET = 18.2;
				LOCALIZATION_PREFERS_STRING_CATALOGS = YES;
				MTL_ENABLE_DEBUG_INFO = INCLUDE_SOURCE;
				MTL_FAST_MATH = YES;
				ONLY_ACTIVE_ARCH = YES;
				SDKROOT = iphoneos;
				SWIFT_ACTIVE_COMPILATION_CONDITIONS = "DEBUG $(inherited)";
				SWIFT_OPTIMIZATION_LEVEL = "-Onone";
			};
			name = Debug;
		};
		161B29472E06B5D500ACAC65 /* Release */ = {
			isa = XCBuildConfiguration;
			buildSettings = {
				ALWAYS_SEARCH_USER_PATHS = NO;
				ASSETCATALOG_COMPILER_GENERATE_SWIFT_ASSET_SYMBOL_EXTENSIONS = YES;
				CLANG_ANALYZER_NONNULL = YES;
				CLANG_ANALYZER_NUMBER_OBJECT_CONVERSION = YES_AGGRESSIVE;
				CLANG_CXX_LANGUAGE_STANDARD = "gnu++20";
				CLANG_ENABLE_MODULES = YES;
				CLANG_ENABLE_OBJC_ARC = YES;
				CLANG_ENABLE_OBJC_WEAK = YES;
				CLANG_WARN_BLOCK_CAPTURE_AUTORELEASING = YES;
				CLANG_WARN_BOOL_CONVERSION = YES;
				CLANG_WARN_COMMA = YES;
				CLANG_WARN_CONSTANT_CONVERSION = YES;
				CLANG_WARN_DEPRECATED_OBJC_IMPLEMENTATIONS = YES;
				CLANG_WARN_DIRECT_OBJC_ISA_USAGE = YES_ERROR;
				CLANG_WARN_DOCUMENTATION_COMMENTS = YES;
				CLANG_WARN_EMPTY_BODY = YES;
				CLANG_WARN_ENUM_CONVERSION = YES;
				CLANG_WARN_INFINITE_RECURSION = YES;
				CLANG_WARN_INT_CONVERSION = YES;
				CLANG_WARN_NON_LITERAL_NULL_CONVERSION = YES;
				CLANG_WARN_OBJC_IMPLICIT_RETAIN_SELF = YES;
				CLANG_WARN_OBJC_LITERAL_CONVERSION = YES;
				CLANG_WARN_OBJC_ROOT_CLASS = YES_ERROR;
				CLANG_WARN_QUOTED_INCLUDE_IN_FRAMEWORK_HEADER = YES;
				CLANG_WARN_RANGE_LOOP_ANALYSIS = YES;
				CLANG_WARN_STRICT_PROTOTYPES = YES;
				CLANG_WARN_SUSPICIOUS_MOVE = YES;
				CLANG_WARN_UNGUARDED_AVAILABILITY = YES_AGGRESSIVE;
				CLANG_WARN_UNREACHABLE_CODE = YES;
				CLANG_WARN__DUPLICATE_METHOD_MATCH = YES;
				COPY_PHASE_STRIP = NO;
				DEBUG_INFORMATION_FORMAT = "dwarf-with-dsym";
				ENABLE_NS_ASSERTIONS = NO;
				ENABLE_STRICT_OBJC_MSGSEND = YES;
				ENABLE_USER_SCRIPT_SANDBOXING = YES;
				GCC_C_LANGUAGE_STANDARD = gnu17;
				GCC_NO_COMMON_BLOCKS = YES;
				GCC_WARN_64_TO_32_BIT_CONVERSION = YES;
				GCC_WARN_ABOUT_RETURN_TYPE = YES_ERROR;
				GCC_WARN_UNDECLARED_SELECTOR = YES;
				GCC_WARN_UNINITIALIZED_AUTOS = YES_AGGRESSIVE;
				GCC_WARN_UNUSED_FUNCTION = YES;
				GCC_WARN_UNUSED_VARIABLE = YES;
				IPHONEOS_DEPLOYMENT_TARGET = 18.2;
				LOCALIZATION_PREFERS_STRING_CATALOGS = YES;
				MTL_ENABLE_DEBUG_INFO = NO;
				MTL_FAST_MATH = YES;
				SDKROOT = iphoneos;
				SWIFT_COMPILATION_MODE = wholemodule;
				VALIDATE_PRODUCT = YES;
			};
			name = Release;
		};
		161B29492E06B5D500ACAC65 /* Debug */ = {
			isa = XCBuildConfiguration;
			buildSettings = {
				ASSETCATALOG_COMPILER_APPICON_NAME = AppIcon;
				ASSETCATALOG_COMPILER_GLOBAL_ACCENT_COLOR_NAME = AccentColor;
				CODE_SIGN_STYLE = Automatic;
				CURRENT_PROJECT_VERSION = 1;
				DEVELOPMENT_ASSET_PATHS = "\"Only One/Preview Content\"";
				DEVELOPMENT_TEAM = PCN97YK2MS;
				ENABLE_PREVIEWS = YES;
				GENERATE_INFOPLIST_FILE = YES;
				INFOPLIST_KEY_UIApplicationSceneManifest_Generation = YES;
				INFOPLIST_KEY_UIApplicationSupportsIndirectInputEvents = YES;
				INFOPLIST_KEY_UILaunchScreen_Generation = YES;
				INFOPLIST_KEY_UISupportedInterfaceOrientations_iPad = "UIInterfaceOrientationPortrait UIInterfaceOrientationPortraitUpsideDown UIInterfaceOrientationLandscapeLeft UIInterfaceOrientationLandscapeRight";
				INFOPLIST_KEY_UISupportedInterfaceOrientations_iPhone = "UIInterfaceOrientationPortrait UIInterfaceOrientationLandscapeLeft UIInterfaceOrientationLandscapeRight";
				LD_RUNPATH_SEARCH_PATHS = (
					"$(inherited)",
					"@executable_path/Frameworks",
				);
				MARKETING_VERSION = 1.0;
				PRODUCT_BUNDLE_IDENTIFIER = "zakokinori.Only-One";
				PRODUCT_NAME = "$(TARGET_NAME)";
				SWIFT_EMIT_LOC_STRINGS = YES;
				SWIFT_VERSION = 5.0;
				TARGETED_DEVICE_FAMILY = "1,2";
			};
			name = Debug;
		};
		161B294A2E06B5D500ACAC65 /* Release */ = {
			isa = XCBuildConfiguration;
			buildSettings = {
				ASSETCATALOG_COMPILER_APPICON_NAME = AppIcon;
				ASSETCATALOG_COMPILER_GLOBAL_ACCENT_COLOR_NAME = AccentColor;
				CODE_SIGN_STYLE = Automatic;
				CURRENT_PROJECT_VERSION = 1;
				DEVELOPMENT_ASSET_PATHS = "\"Only One/Preview Content\"";
				DEVELOPMENT_TEAM = PCN97YK2MS;
				ENABLE_PREVIEWS = YES;
				GENERATE_INFOPLIST_FILE = YES;
				INFOPLIST_KEY_UIApplicationSceneManifest_Generation = YES;
				INFOPLIST_KEY_UIApplicationSupportsIndirectInputEvents = YES;
				INFOPLIST_KEY_UILaunchScreen_Generation = YES;
				INFOPLIST_KEY_UISupportedInterfaceOrientations_iPad = "UIInterfaceOrientationPortrait UIInterfaceOrientationPortraitUpsideDown UIInterfaceOrientationLandscapeLeft UIInterfaceOrientationLandscapeRight";
				INFOPLIST_KEY_UISupportedInterfaceOrientations_iPhone = "UIInterfaceOrientationPortrait UIInterfaceOrientationLandscapeLeft UIInterfaceOrientationLandscapeRight";
				LD_RUNPATH_SEARCH_PATHS = (
					"$(inherited)",
					"@executable_path/Frameworks",
				);
				MARKETING_VERSION = 1.0;
				PRODUCT_BUNDLE_IDENTIFIER = "zakokinori.Only-One";
				PRODUCT_NAME = "$(TARGET_NAME)";
				SWIFT_EMIT_LOC_STRINGS = YES;
				SWIFT_VERSION = 5.0;
				TARGETED_DEVICE_FAMILY = "1,2";
			};
			name = Release;
		};
		161B294C2E06B5D500ACAC65 /* Debug */ = {
			isa = XCBuildConfiguration;
			buildSettings = {
				BUNDLE_LOADER = "$(TEST_HOST)";
				CODE_SIGN_STYLE = Automatic;
				CURRENT_PROJECT_VERSION = 1;
				DEVELOPMENT_TEAM = PCN97YK2MS;
				GENERATE_INFOPLIST_FILE = YES;
				IPHONEOS_DEPLOYMENT_TARGET = 18.2;
				MARKETING_VERSION = 1.0;
				PRODUCT_BUNDLE_IDENTIFIER = "zakokinori.Only-OneTests";
				PRODUCT_NAME = "$(TARGET_NAME)";
				SWIFT_EMIT_LOC_STRINGS = NO;
				SWIFT_VERSION = 5.0;
				TARGETED_DEVICE_FAMILY = "1,2";
				TEST_HOST = "$(BUILT_PRODUCTS_DIR)/Only One.app/$(BUNDLE_EXECUTABLE_FOLDER_PATH)/Only One";
			};
			name = Debug;
		};
		161B294D2E06B5D500ACAC65 /* Release */ = {
			isa = XCBuildConfiguration;
			buildSettings = {
				BUNDLE_LOADER = "$(TEST_HOST)";
				CODE_SIGN_STYLE = Automatic;
				CURRENT_PROJECT_VERSION = 1;
				DEVELOPMENT_TEAM = PCN97YK2MS;
				GENERATE_INFOPLIST_FILE = YES;
				IPHONEOS_DEPLOYMENT_TARGET = 18.2;
				MARKETING_VERSION = 1.0;
				PRODUCT_BUNDLE_IDENTIFIER = "zakokinori.Only-OneTests";
				PRODUCT_NAME = "$(TARGET_NAME)";
				SWIFT_EMIT_LOC_STRINGS = NO;
				SWIFT_VERSION = 5.0;
				TARGETED_DEVICE_FAMILY = "1,2";
				TEST_HOST = "$(BUILT_PRODUCTS_DIR)/Only One.app/$(BUNDLE_EXECUTABLE_FOLDER_PATH)/Only One";
			};
			name = Release;
		};
		161B294F2E06B5D500ACAC65 /* Debug */ = {
			isa = XCBuildConfiguration;
			buildSettings = {
				CODE_SIGN_STYLE = Automatic;
				CURRENT_PROJECT_VERSION = 1;
				DEVELOPMENT_TEAM = PCN97YK2MS;
				GENERATE_INFOPLIST_FILE = YES;
				MARKETING_VERSION = 1.0;
				PRODUCT_BUNDLE_IDENTIFIER = "zakokinori.Only-OneUITests";
				PRODUCT_NAME = "$(TARGET_NAME)";
				SWIFT_EMIT_LOC_STRINGS = NO;
				SWIFT_VERSION = 5.0;
				TARGETED_DEVICE_FAMILY = "1,2";
				TEST_TARGET_NAME = "Only One";
			};
			name = Debug;
		};
		161B29502E06B5D500ACAC65 /* Release */ = {
			isa = XCBuildConfiguration;
			buildSettings = {
				CODE_SIGN_STYLE = Automatic;
				CURRENT_PROJECT_VERSION = 1;
				DEVELOPMENT_TEAM = PCN97YK2MS;
				GENERATE_INFOPLIST_FILE = YES;
				MARKETING_VERSION = 1.0;
				PRODUCT_BUNDLE_IDENTIFIER = "zakokinori.Only-OneUITests";
				PRODUCT_NAME = "$(TARGET_NAME)";
				SWIFT_EMIT_LOC_STRINGS = NO;
				SWIFT_VERSION = 5.0;
				TARGETED_DEVICE_FAMILY = "1,2";
				TEST_TARGET_NAME = "Only One";
			};
			name = Release;
		};
/* End XCBuildConfiguration section */

/* Begin XCConfigurationList section */
		161B291F2E06B5D300ACAC65 /* Build configuration list for PBXProject "Only One" */ = {
			isa = XCConfigurationList;
			buildConfigurations = (
				161B29462E06B5D500ACAC65 /* Debug */,
				161B29472E06B5D500ACAC65 /* Release */,
			);
			defaultConfigurationIsVisible = 0;
			defaultConfigurationName = Release;
		};
		161B29482E06B5D500ACAC65 /* Build configuration list for PBXNativeTarget "Only One" */ = {
			isa = XCConfigurationList;
			buildConfigurations = (
				161B29492E06B5D500ACAC65 /* Debug */,
				161B294A2E06B5D500ACAC65 /* Release */,
			);
			defaultConfigurationIsVisible = 0;
			defaultConfigurationName = Release;
		};
		161B294B2E06B5D500ACAC65 /* Build configuration list for PBXNativeTarget "Only OneTests" */ = {
			isa = XCConfigurationList;
			buildConfigurations = (
				161B294C2E06B5D500ACAC65 /* Debug */,
				161B294D2E06B5D500ACAC65 /* Release */,
			);
			defaultConfigurationIsVisible = 0;
			defaultConfigurationName = Release;
		};
		161B294E2E06B5D500ACAC65 /* Build configuration list for PBXNativeTarget "Only OneUITests" */ = {
			isa = XCConfigurationList;
			buildConfigurations = (
				161B294F2E06B5D500ACAC65 /* Debug */,
				161B29502E06B5D500ACAC65 /* Release */,
			);
			defaultConfigurationIsVisible = 0;
			defaultConfigurationName = Release;
		};
/* End XCConfigurationList section */

/* Begin XCRemoteSwiftPackageReference section */
		161B29512E06B60700ACAC65 /* XCRemoteSwiftPackageReference "SwiftJapaneseNationalHolidays" */ = {
			isa = XCRemoteSwiftPackageReference;
			repositoryURL = "https://github.com/YOCKOW/SwiftJapaneseNationalHolidays";
			requirement = {
				kind = upToNextMajorVersion;
				minimumVersion = 1.1.0;
			};
		};
/* End XCRemoteSwiftPackageReference section */

/* Begin XCSwiftPackageProductDependency section */
		161B29522E06B60700ACAC65 /* SwiftJapaneseNationalHolidays */ = {
			isa = XCSwiftPackageProductDependency;
			package = 161B29512E06B60700ACAC65 /* XCRemoteSwiftPackageReference "SwiftJapaneseNationalHolidays" */;
			productName = SwiftJapaneseNationalHolidays;
		};
/* End XCSwiftPackageProductDependency section */
	};
	rootObject = 161B291C2E06B5D300ACAC65 /* Project object */;
}
